// !$*UTF8*$!
{
	archiveVersion = 1;
	classes = {
	};
	objectVersion = 56;
	objects = {

/* Begin PBXBuildFile section */
		2BAF80322C2D673B00C145CF /* AppDelegate.swift in Sources */ = {isa = PBXBuildFile; fileRef = 2BAF80312C2D673B00C145CF /* AppDelegate.swift */; };
		2BAF80342C2D673B00C145CF /* SceneDelegate.swift in Sources */ = {isa = PBXBuildFile; fileRef = 2BAF80332C2D673B00C145CF /* SceneDelegate.swift */; };
		2BAF80392C2D673B00C145CF /* Base in Resources */ = {isa = PBXBuildFile; fileRef = 2BAF80382C2D673B00C145CF /* Base */; };
		2BAF803B2C2D673E00C145CF /* Assets.xcassets in Resources */ = {isa = PBXBuildFile; fileRef = 2BAF803A2C2D673E00C145CF /* Assets.xcassets */; };
		2BAF803E2C2D673E00C145CF /* Base in Resources */ = {isa = PBXBuildFile; fileRef = 2BAF803D2C2D673E00C145CF /* Base */; };
		2BAF80472C2D69F200C145CF /* FSCalendar in Frameworks */ = {isa = PBXBuildFile; productRef = 2BAF80462C2D69F200C145CF /* FSCalendar */; };
		2BAF80492C2D6EE400C145CF /* CalendarVC.swift in Sources */ = {isa = PBXBuildFile; fileRef = 2BAF80482C2D6EE400C145CF /* CalendarVC.swift */; };
		2BAF804C2C2D6F2C00C145CF /* CalendarPopUpView.swift in Sources */ = {isa = PBXBuildFile; fileRef = 2BAF804B2C2D6F2C00C145CF /* CalendarPopUpView.swift */; };
/* End PBXBuildFile section */

/* Begin PBXFileReference section */
		2BAF802E2C2D673B00C145CF /* FCSCalender.app */ = {isa = PBXFileReference; explicitFileType = wrapper.application; includeInIndex = 0; path = FCSCalender.app; sourceTree = BUILT_PRODUCTS_DIR; };
		2BAF80312C2D673B00C145CF /* AppDelegate.swift */ = {isa = PBXFileReference; lastKnownFileType = sourcecode.swift; path = AppDelegate.swift; sourceTree = "<group>"; };
		2BAF80332C2D673B00C145CF /* SceneDelegate.swift */ = {isa = PBXFileReference; lastKnownFileType = sourcecode.swift; path = SceneDelegate.swift; sourceTree = "<group>"; };
		2BAF80382C2D673B00C145CF /* Base */ = {isa = PBXFileReference; lastKnownFileType = file.storyboard; name = Base; path = Base.lproj/Main.storyboard; sourceTree = "<group>"; };
		2BAF803A2C2D673E00C145CF /* Assets.xcassets */ = {isa = PBXFileReference; lastKnownFileType = folder.assetcatalog; path = Assets.xcassets; sourceTree = "<group>"; };
		2BAF803D2C2D673E00C145CF /* Base */ = {isa = PBXFileReference; lastKnownFileType = file.storyboard; name = Base; path = Base.lproj/LaunchScreen.storyboard; sourceTree = "<group>"; };
		2BAF803F2C2D673E00C145CF /* Info.plist */ = {isa = PBXFileReference; lastKnownFileType = text.plist.xml; path = Info.plist; sourceTree = "<group>"; };
		2BAF80482C2D6EE400C145CF /* CalendarVC.swift */ = {isa = PBXFileReference; lastKnownFileType = sourcecode.swift; path = CalendarVC.swift; sourceTree = "<group>"; };
		2BAF804B2C2D6F2C00C145CF /* CalendarPopUpView.swift */ = {isa = PBXFileReference; lastKnownFileType = sourcecode.swift; path = CalendarPopUpView.swift; sourceTree = "<group>"; };
/* End PBXFileReference section */

/* Begin PBXFrameworksBuildPhase section */
		2BAF802B2C2D673B00C145CF /* Frameworks */ = {
			isa = PBXFrameworksBuildPhase;
			buildActionMask = 2147483647;
			files = (
				2BAF80472C2D69F200C145CF /* FSCalendar in Frameworks */,
			);
			runOnlyForDeploymentPostprocessing = 0;
		};
/* End PBXFrameworksBuildPhase section */

/* Begin PBXGroup section */
		2BAF80252C2D673B00C145CF = {
			isa = PBXGroup;
			children = (
				2BAF80302C2D673B00C145CF /* FCSCalender */,
				2BAF802F2C2D673B00C145CF /* Products */,
			);
			sourceTree = "<group>";
		};
		2BAF802F2C2D673B00C145CF /* Products */ = {
			isa = PBXGroup;
			children = (
				2BAF802E2C2D673B00C145CF /* FCSCalender.app */,
			);
			name = Products;
			sourceTree = "<group>";
		};
		2BAF80302C2D673B00C145CF /* FCSCalender */ = {
			isa = PBXGroup;
			children = (
				2BAF804F2C2D6F8000C145CF /* assets */,
				2BAF804E2C2D6F6F00C145CF /* storyboards */,
				2BAF804D2C2D6F5900C145CF /* app-initials */,
				2BAF804A2C2D6EF100C145CF /* Controllers */,
				2BAF803F2C2D673E00C145CF /* Info.plist */,
			);
			path = FCSCalender;
			sourceTree = "<group>";
		};
		2BAF804A2C2D6EF100C145CF /* Controllers */ = {
			isa = PBXGroup;
			children = (
				2BAF80482C2D6EE400C145CF /* CalendarVC.swift */,
				2BAF804B2C2D6F2C00C145CF /* CalendarPopUpView.swift */,
			);
			path = Controllers;
			sourceTree = "<group>";
		};
		2BAF804D2C2D6F5900C145CF /* app-initials */ = {
			isa = PBXGroup;
			children = (
				2BAF80312C2D673B00C145CF /* AppDelegate.swift */,
				2BAF80332C2D673B00C145CF /* SceneDelegate.swift */,
			);
			path = "app-initials";
			sourceTree = "<group>";
		};
		2BAF804E2C2D6F6F00C145CF /* storyboards */ = {
			isa = PBXGroup;
			children = (
				2BAF803C2C2D673E00C145CF /* LaunchScreen.storyboard */,
				2BAF80372C2D673B00C145CF /* Main.storyboard */,
			);
			path = storyboards;
			sourceTree = "<group>";
		};
		2BAF804F2C2D6F8000C145CF /* assets */ = {
			isa = PBXGroup;
			children = (
				2BAF803A2C2D673E00C145CF /* Assets.xcassets */,
			);
			path = assets;
			sourceTree = "<group>";
		};
/* End PBXGroup section */

/* Begin PBXNativeTarget section */
		2BAF802D2C2D673B00C145CF /* FCSCalender */ = {
			isa = PBXNativeTarget;
			buildConfigurationList = 2BAF80422C2D673E00C145CF /* Build configuration list for PBXNativeTarget "FCSCalender" */;
			buildPhases = (
				2BAF802A2C2D673B00C145CF /* Sources */,
				2BAF802B2C2D673B00C145CF /* Frameworks */,
				2BAF802C2C2D673B00C145CF /* Resources */,
			);
			buildRules = (
			);
			dependencies = (
			);
			name = FCSCalender;
			packageProductDependencies = (
				2BAF80462C2D69F200C145CF /* FSCalendar */,
			);
			productName = FCSCalender;
			productReference = 2BAF802E2C2D673B00C145CF /* FCSCalender.app */;
			productType = "com.apple.product-type.application";
		};
/* End PBXNativeTarget section */

/* Begin PBXProject section */
		2BAF80262C2D673B00C145CF /* Project object */ = {
			isa = PBXProject;
			attributes = {
				BuildIndependentTargetsInParallel = 1;
				LastSwiftUpdateCheck = 1540;
				LastUpgradeCheck = 1540;
				TargetAttributes = {
					2BAF802D2C2D673B00C145CF = {
						CreatedOnToolsVersion = 15.4;
					};
				};
			};
			buildConfigurationList = 2BAF80292C2D673B00C145CF /* Build configuration list for PBXProject "FCSCalender" */;
			compatibilityVersion = "Xcode 14.0";
			developmentRegion = en;
			hasScannedForEncodings = 0;
			knownRegions = (
				en,
				Base,
			);
			mainGroup = 2BAF80252C2D673B00C145CF;
			packageReferences = (
				2BAF80452C2D69F200C145CF /* XCRemoteSwiftPackageReference "FSCalendar" */,
			);
			productRefGroup = 2BAF802F2C2D673B00C145CF /* Products */;
			projectDirPath = "";
			projectRoot = "";
			targets = (
				2BAF802D2C2D673B00C145CF /* FCSCalender */,
			);
		};
/* End PBXProject section */

/* Begin PBXResourcesBuildPhase section */
		2BAF802C2C2D673B00C145CF /* Resources */ = {
			isa = PBXResourcesBuildPhase;
			buildActionMask = 2147483647;
			files = (
				2BAF803B2C2D673E00C145CF /* Assets.xcassets in Resources */,
				2BAF803E2C2D673E00C145CF /* Base in Resources */,
				2BAF80392C2D673B00C145CF /* Base in Resources */,
			);
			runOnlyForDeploymentPostprocessing = 0;
		};
/* End PBXResourcesBuildPhase section */

/* Begin PBXSourcesBuildPhase section */
		2BAF802A2C2D673B00C145CF /* Sources */ = {
			isa = PBXSourcesBuildPhase;
			buildActionMask = 2147483647;
			files = (
				2BAF80322C2D673B00C145CF /* AppDelegate.swift in Sources */,
				2BAF80342C2D673B00C145CF /* SceneDelegate.swift in Sources */,
				2BAF80492C2D6EE400C145CF /* CalendarVC.swift in Sources */,
				2BAF804C2C2D6F2C00C145CF /* CalendarPopUpView.swift in Sources */,
			);
			runOnlyForDeploymentPostprocessing = 0;
		};
/* End PBXSourcesBuildPhase section */

/* Begin PBXVariantGroup section */
		2BAF80372C2D673B00C145CF /* Main.storyboard */ = {
			isa = PBXVariantGroup;
			children = (
				2BAF80382C2D673B00C145CF /* Base */,
			);
			name = Main.storyboard;
			sourceTree = "<group>";
		};
		2BAF803C2C2D673E00C145CF /* LaunchScreen.storyboard */ = {
			isa = PBXVariantGroup;
			children = (
				2BAF803D2C2D673E00C145CF /* Base */,
			);
			name = LaunchScreen.storyboard;
			sourceTree = "<group>";
		};
/* End PBXVariantGroup section */

/* Begin XCBuildConfiguration section */
		2BAF80402C2D673E00C145CF /* Debug */ = {
			isa = XCBuildConfiguration;
			buildSettings = {
				ALWAYS_SEARCH_USER_PATHS = NO;
				ASSETCATALOG_COMPILER_GENERATE_SWIFT_ASSET_SYMBOL_EXTENSIONS = YES;
				CLANG_ANALYZER_NONNULL = YES;
				CLANG_ANALYZER_NUMBER_OBJECT_CONVERSION = YES_AGGRESSIVE;
				CLANG_CXX_LANGUAGE_STANDARD = "gnu++20";
				CLANG_ENABLE_MODULES = YES;
				CLANG_ENABLE_OBJC_ARC = YES;
				CLANG_ENABLE_OBJC_WEAK = YES;
				CLANG_WARN_BLOCK_CAPTURE_AUTORELEASING = YES;
				CLANG_WARN_BOOL_CONVERSION = YES;
				CLANG_WARN_COMMA = YES;
				CLANG_WARN_CONSTANT_CONVERSION = YES;
				CLANG_WARN_DEPRECATED_OBJC_IMPLEMENTATIONS = YES;
				CLANG_WARN_DIRECT_OBJC_ISA_USAGE = YES_ERROR;
				CLANG_WARN_DOCUMENTATION_COMMENTS = YES;
				CLANG_WARN_EMPTY_BODY = YES;
				CLANG_WARN_ENUM_CONVERSION = YES;
				CLANG_WARN_INFINITE_RECURSION = YES;
				CLANG_WARN_INT_CONVERSION = YES;
				CLANG_WARN_NON_LITERAL_NULL_CONVERSION = YES;
				CLANG_WARN_OBJC_IMPLICIT_RETAIN_SELF = YES;
				CLANG_WARN_OBJC_LITERAL_CONVERSION = YES;
				CLANG_WARN_OBJC_ROOT_CLASS = YES_ERROR;
				CLANG_WARN_QUOTED_INCLUDE_IN_FRAMEWORK_HEADER = YES;
				CLANG_WARN_RANGE_LOOP_ANALYSIS = YES;
				CLANG_WARN_STRICT_PROTOTYPES = YES;
				CLANG_WARN_SUSPICIOUS_MOVE = YES;
				CLANG_WARN_UNGUARDED_AVAILABILITY = YES_AGGRESSIVE;
				CLANG_WARN_UNREACHABLE_CODE = YES;
				CLANG_WARN__DUPLICATE_METHOD_MATCH = YES;
				COPY_PHASE_STRIP = NO;
				DEBUG_INFORMATION_FORMAT = dwarf;
				ENABLE_STRICT_OBJC_MSGSEND = YES;
				ENABLE_TESTABILITY = YES;
				ENABLE_USER_SCRIPT_SANDBOXING = YES;
				GCC_C_LANGUAGE_STANDARD = gnu17;
				GCC_DYNAMIC_NO_PIC = NO;
				GCC_NO_COMMON_BLOCKS = YES;
				GCC_OPTIMIZATION_LEVEL = 0;
				GCC_PREPROCESSOR_DEFINITIONS = (
					"DEBUG=1",
					"$(inherited)",
				);
				GCC_WARN_64_TO_32_BIT_CONVERSION = YES;
				GCC_WARN_ABOUT_RETURN_TYPE = YES_ERROR;
				GCC_WARN_UNDECLARED_SELECTOR = YES;
				GCC_WARN_UNINITIALIZED_AUTOS = YES_AGGRESSIVE;
				GCC_WARN_UNUSED_FUNCTION = YES;
				GCC_WARN_UNUSED_VARIABLE = YES;
				IPHONEOS_DEPLOYMENT_TARGET = 17.5;
				LOCALIZATION_PREFERS_STRING_CATALOGS = YES;
				MTL_ENABLE_DEBUG_INFO = INCLUDE_SOURCE;
				MTL_FAST_MATH = YES;
				ONLY_ACTIVE_ARCH = YES;
				SDKROOT = iphoneos;
				SWIFT_ACTIVE_COMPILATION_CONDITIONS = "DEBUG $(inherited)";
				SWIFT_OPTIMIZATION_LEVEL = "-Onone";
			};
			name = Debug;
		};
		2BAF80412C2D673E00C145CF /* Release */ = {
			isa = XCBuildConfiguration;
			buildSettings = {
				ALWAYS_SEARCH_USER_PATHS = NO;
				ASSETCATALOG_COMPILER_GENERATE_SWIFT_ASSET_SYMBOL_EXTENSIONS = YES;
				CLANG_ANALYZER_NONNULL = YES;
				CLANG_ANALYZER_NUMBER_OBJECT_CONVERSION = YES_AGGRESSIVE;
				CLANG_CXX_LANGUAGE_STANDARD = "gnu++20";
				CLANG_ENABLE_MODULES = YES;
				CLANG_ENABLE_OBJC_ARC = YES;
				CLANG_ENABLE_OBJC_WEAK = YES;
				CLANG_WARN_BLOCK_CAPTURE_AUTORELEASING = YES;
				CLANG_WARN_BOOL_CONVERSION = YES;
				CLANG_WARN_COMMA = YES;
				CLANG_WARN_CONSTANT_CONVERSION = YES;
				CLANG_WARN_DEPRECATED_OBJC_IMPLEMENTATIONS = YES;
				CLANG_WARN_DIRECT_OBJC_ISA_USAGE = YES_ERROR;
				CLANG_WARN_DOCUMENTATION_COMMENTS = YES;
				CLANG_WARN_EMPTY_BODY = YES;
				CLANG_WARN_ENUM_CONVERSION = YES;
				CLANG_WARN_INFINITE_RECURSION = YES;
				CLANG_WARN_INT_CONVERSION = YES;
				CLANG_WARN_NON_LITERAL_NULL_CONVERSION = YES;
				CLANG_WARN_OBJC_IMPLICIT_RETAIN_SELF = YES;
				CLANG_WARN_OBJC_LITERAL_CONVERSION = YES;
				CLANG_WARN_OBJC_ROOT_CLASS = YES_ERROR;
				CLANG_WARN_QUOTED_INCLUDE_IN_FRAMEWORK_HEADER = YES;
				CLANG_WARN_RANGE_LOOP_ANALYSIS = YES;
				CLANG_WARN_STRICT_PROTOTYPES = YES;
				CLANG_WARN_SUSPICIOUS_MOVE = YES;
				CLANG_WARN_UNGUARDED_AVAILABILITY = YES_AGGRESSIVE;
				CLANG_WARN_UNREACHABLE_CODE = YES;
				CLANG_WARN__DUPLICATE_METHOD_MATCH = YES;
				COPY_PHASE_STRIP = NO;
				DEBUG_INFORMATION_FORMAT = "dwarf-with-dsym";
				ENABLE_NS_ASSERTIONS = NO;
				ENABLE_STRICT_OBJC_MSGSEND = YES;
				ENABLE_USER_SCRIPT_SANDBOXING = YES;
				GCC_C_LANGUAGE_STANDARD = gnu17;
				GCC_NO_COMMON_BLOCKS = YES;
				GCC_WARN_64_TO_32_BIT_CONVERSION = YES;
				GCC_WARN_ABOUT_RETURN_TYPE = YES_ERROR;
				GCC_WARN_UNDECLARED_SELECTOR = YES;
				GCC_WARN_UNINITIALIZED_AUTOS = YES_AGGRESSIVE;
				GCC_WARN_UNUSED_FUNCTION = YES;
				GCC_WARN_UNUSED_VARIABLE = YES;
				IPHONEOS_DEPLOYMENT_TARGET = 17.5;
				LOCALIZATION_PREFERS_STRING_CATALOGS = YES;
				MTL_ENABLE_DEBUG_INFO = NO;
				MTL_FAST_MATH = YES;
				SDKROOT = iphoneos;
				SWIFT_COMPILATION_MODE = wholemodule;
				VALIDATE_PRODUCT = YES;
			};
			name = Release;
		};
		2BAF80432C2D673E00C145CF /* Debug */ = {
			isa = XCBuildConfiguration;
			buildSettings = {
				ASSETCATALOG_COMPILER_APPICON_NAME = AppIcon;
				ASSETCATALOG_COMPILER_GLOBAL_ACCENT_COLOR_NAME = AccentColor;
				CODE_SIGN_STYLE = Automatic;
				CURRENT_PROJECT_VERSION = 1;
				GENERATE_INFOPLIST_FILE = YES;
				INFOPLIST_FILE = FCSCalender/Info.plist;
				INFOPLIST_KEY_UIApplicationSupportsIndirectInputEvents = YES;
				INFOPLIST_KEY_UILaunchStoryboardName = LaunchScreen;
				INFOPLIST_KEY_UIMainStoryboardFile = Main;
				INFOPLIST_KEY_UISupportedInterfaceOrientations_iPad = "UIInterfaceOrientationPortrait UIInterfaceOrientationPortraitUpsideDown UIInterfaceOrientationLandscapeLeft UIInterfaceOrientationLandscapeRight";
				INFOPLIST_KEY_UISupportedInterfaceOrientations_iPhone = "UIInterfaceOrientationPortrait UIInterfaceOrientationLandscapeLeft UIInterfaceOrientationLandscapeRight";
				LD_RUNPATH_SEARCH_PATHS = (
					"$(inherited)",
					"@executable_path/Frameworks",
				);
				MARKETING_VERSION = 1.0;
				PRODUCT_BUNDLE_IDENTIFIER = "com.leads-bd.FCSCalender";
				PRODUCT_NAME = "$(TARGET_NAME)";
				SWIFT_EMIT_LOC_STRINGS = YES;
				SWIFT_VERSION = 5.0;
				TARGETED_DEVICE_FAMILY = "1,2";
			};
			name = Debug;
		};
		2BAF80442C2D673E00C145CF /* Release */ = {
			isa = XCBuildConfiguration;
			buildSettings = {
				ASSETCATALOG_COMPILER_APPICON_NAME = AppIcon;
				ASSETCATALOG_COMPILER_GLOBAL_ACCENT_COLOR_NAME = AccentColor;
				CODE_SIGN_STYLE = Automatic;
				CURRENT_PROJECT_VERSION = 1;
				GENERATE_INFOPLIST_FILE = YES;
				INFOPLIST_FILE = FCSCalender/Info.plist;
				INFOPLIST_KEY_UIApplicationSupportsIndirectInputEvents = YES;
				INFOPLIST_KEY_UILaunchStoryboardName = LaunchScreen;
				INFOPLIST_KEY_UIMainStoryboardFile = Main;
				INFOPLIST_KEY_UISupportedInterfaceOrientations_iPad = "UIInterfaceOrientationPortrait UIInterfaceOrientationPortraitUpsideDown UIInterfaceOrientationLandscapeLeft UIInterfaceOrientationLandscapeRight";
				INFOPLIST_KEY_UISupportedInterfaceOrientations_iPhone = "UIInterfaceOrientationPortrait UIInterfaceOrientationLandscapeLeft UIInterfaceOrientationLandscapeRight";
				LD_RUNPATH_SEARCH_PATHS = (
					"$(inherited)",
					"@executable_path/Frameworks",
				);
				MARKETING_VERSION = 1.0;
				PRODUCT_BUNDLE_IDENTIFIER = "com.leads-bd.FCSCalender";
				PRODUCT_NAME = "$(TARGET_NAME)";
				SWIFT_EMIT_LOC_STRINGS = YES;
				SWIFT_VERSION = 5.0;
				TARGETED_DEVICE_FAMILY = "1,2";
			};
			name = Release;
		};
/* End XCBuildConfiguration section */

/* Begin XCConfigurationList section */
		2BAF80292C2D673B00C145CF /* Build configuration list for PBXProject "FCSCalender" */ = {
			isa = XCConfigurationList;
			buildConfigurations = (
				2BAF80402C2D673E00C145CF /* Debug */,
				2BAF80412C2D673E00C145CF /* Release */,
			);
			defaultConfigurationIsVisible = 0;
			defaultConfigurationName = Release;
		};
		2BAF80422C2D673E00C145CF /* Build configuration list for PBXNativeTarget "FCSCalender" */ = {
			isa = XCConfigurationList;
			buildConfigurations = (
				2BAF80432C2D673E00C145CF /* Debug */,
				2BAF80442C2D673E00C145CF /* Release */,
			);
			defaultConfigurationIsVisible = 0;
			defaultConfigurationName = Release;
		};
/* End XCConfigurationList section */

/* Begin XCRemoteSwiftPackageReference section */
		2BAF80452C2D69F200C145CF /* XCRemoteSwiftPackageReference "FSCalendar" */ = {
			isa = XCRemoteSwiftPackageReference;
			repositoryURL = "https://github.com/WenchaoD/FSCalendar.git";
			requirement = {
				kind = upToNextMajorVersion;
				minimumVersion = 2.8.4;
			};
		};
/* End XCRemoteSwiftPackageReference section */

/* Begin XCSwiftPackageProductDependency section */
		2BAF80462C2D69F200C145CF /* FSCalendar */ = {
			isa = XCSwiftPackageProductDependency;
			package = 2BAF80452C2D69F200C145CF /* XCRemoteSwiftPackageReference "FSCalendar" */;
			productName = FSCalendar;
		};
/* End XCSwiftPackageProductDependency section */
	};
	rootObject = 2BAF80262C2D673B00C145CF /* Project object */;
}
